{
  "lockfileVersion": 1,
  "configVersion": 1,
  "workspaces": {
    "": {
      "name": "@modules/module-sample",
      "dependencies": {
        "@damatjs/deps": "latest",
        "@damatjs/framework": "latest",
        "@damatjs/module": "latest",
        "@damatjs/orm-model": "latest",
        "@damatjs/services": "latest",
        "@damatjs/workflow-engine": "latest",
      },
      "devDependencies": {
        "@damatjs/damat-cli": "latest",
        "@types/bun": "1.3.9",
        "typescript": "^5.7.2",
      },
    },
  },
  "packages": {
    "@damatjs/cli": ["@damatjs/cli@0.1.1", "", { "dependencies": { "@damatjs/logger": "*", "cac": "^6.7.14", "dotenv": "^17.3.1" } }, "sha512-ijXoKAn0UZz9lEjZt8TCTg3URCQNOOU5WfAn/ixSSXJw89NKD4bvy1O9s1FilUN1jjDrAfO8jWiPQHJMFnIRCQ=="],

    "@damatjs/damat-cli": ["@damatjs/damat-cli@0.1.3", "", { "dependencies": { "@damatjs/cli": "*", "@damatjs/framework": "*", "@damatjs/load-env": "*", "@damatjs/logger": "*", "@damatjs/module": "*" }, "bin": { "damat": "dist/cli.js" } }, "sha512-AhgUQ0JNK3sZocaCjAFZEUCpE2QNllIOzWl7AAD98jDuFr3Z64P6aw8GWzHPhZP2bgKS1syG7ZAGX3VIO4AAkw=="],

    "@damatjs/deps": ["@damatjs/deps@0.1.3", "", { "dependencies": { "@hono/node-server": "^1.13.7", "effect": "^3.19.18", "hono": "^4.12.0", "ioredis": "^5.9.3", "nanoid": "^5.1.6", "pg": "^8.21.0", "uuid": "^13.0.0", "zod": "4.3.6" } }, "sha512-TQZQx18t9lJnI/QngiNB0w+Ew6FSDtC/k/3WfaAYHLeTHTF0+LJTFMWVO9R/M4yHiQjAqjbybik2OjULLk+OVQ=="],

    "@damatjs/framework": ["@damatjs/framework@0.1.3", "", { "dependencies": { "@damatjs/deps": "*", "@damatjs/link": "*", "@damatjs/logger": "*", "@damatjs/orm-connector": "*", "@damatjs/orm-type": "*", "@damatjs/redis": "*", "@damatjs/services": "*", "@damatjs/types": "*", "@damatjs/workflow-engine": "*", "@hono/node-server": "^1.13.7" } }, "sha512-XQxy15Ejq08g2rW79gabCEoYTFIjC0KBSvm3jMIs8woGF8pNqDG+CGtDtj/5qSdhIB11yWLyE8qTlP4MF7V6Gg=="],

    "@damatjs/link": ["@damatjs/link@0.1.3", "", { "dependencies": { "@damatjs/deps": "*", "@damatjs/logger": "*", "@damatjs/orm-model": "*", "@damatjs/orm-pg": "*", "@damatjs/orm-type": "*", "@damatjs/services": "*" } }, "sha512-0bZqxxHIlwDBSaiqcafIQt0p+Y9kCoaIV/zvtBC7Cy6FJ9trJahvKhl8vr9FYVDURuUcFAzqBh33WY69wPosqg=="],

    "@damatjs/load-env": ["@damatjs/load-env@0.1.1", "", {}, "sha512-GCBjkuJbOQ5dcJy+7LJjZ7j6xhdJlzlJXcicaQLxkNw2mAlvhB0Fl+LFPZ4wVj1GQREPMfPbYtVDjk/8WZOEjg=="],

    "@damatjs/logger": ["@damatjs/logger@0.1.1", "", {}, "sha512-Zj6w8MOHyS3ltZFFEk5Z1UdPpeCMEJ0lAQBMDoALoq0CFWEHJ/dLG9dWtSQInvo++arMQYeOH5xGAfkPMHAi0A=="],

    "@damatjs/module": ["@damatjs/module@0.1.3", "", { "dependencies": { "@damatjs/deps": "*", "@damatjs/framework": "*", "@damatjs/logger": "*", "@damatjs/orm-codegen": "*", "@damatjs/orm-connector": "*", "@damatjs/orm-migration": "*", "@damatjs/orm-model": "*", "@damatjs/orm-type": "*", "@damatjs/services": "*", "@damatjs/workflow-engine": "*" } }, "sha512-Py5hUO57ryx9vwETA3bhDUjWjnz3I15oAfmB7Jp7cqJ0h/T9Tf2LpIUPkI9JPmCo4HtyrfxxAE/OYG3IuJBYCw=="],

    "@damatjs/orm-codegen": ["@damatjs/orm-codegen@1.0.1", "", { "dependencies": { "@damatjs/orm-model": "*", "@damatjs/orm-type": "*" }, "peerDependencies": { "@damatjs/logger": "*" } }, "sha512-I+hTiUOVowjslWZhnLOsRhDMiczWSm7q7YXnpxfIOkM34udzUDHmnmesepkziJAG98aq2RyrkrS4X0B+fG72zg=="],

    "@damatjs/orm-connector": ["@damatjs/orm-connector@0.1.1", "", { "dependencies": { "@damatjs/deps": "*", "@damatjs/logger": "*", "@damatjs/orm-type": "*", "@damatjs/types": "*" } }, "sha512-0Hx/AtXqgERQz+BjZytQ6f3uwIBgWR5xD8pgmNWOsHg0kz7hTjsNflpEBDzokQEqYFnBcG6hAK6EjMyrGDWaNg=="],

    "@damatjs/orm-core": ["@damatjs/orm-core@0.1.1", "", { "dependencies": { "@damatjs/logger": "*", "@damatjs/orm-model": "*", "@damatjs/orm-type": "*" } }, "sha512-6UOJibVC4RYvtWWzhdZ459n7ebXFeHe1JNQabMLPNw/PBJy/9ULpc/qqMXy0TGBoZ7wva00ImgOKmidvmk4zhw=="],

    "@damatjs/orm-migration": ["@damatjs/orm-migration@0.1.1", "", { "dependencies": { "@damatjs/deps": "*", "@damatjs/logger": "*", "@damatjs/orm-model": "*", "@damatjs/orm-processor": "*", "@damatjs/orm-type": "*", "@damatjs/types": "*" } }, "sha512-jmY8sQlCi+eDJqVmDtIjHfm3HjaBb0As8avjQUbQAEYz4guRennoTWrX4ZpUTi8t7Fy+ULkq6CEuLthN8kMMLw=="],

    "@damatjs/orm-model": ["@damatjs/orm-model@0.1.3", "", { "dependencies": { "@damatjs/deps": "*", "@damatjs/orm-type": "*" } }, "sha512-5vGoIRpXrHVzzyjrILlrDcCU9vvHcdxOufdnvkwUU4LGqSa7mPR1D8X0IpmrUg9C1NUEOJM111MJV30elrRu9Q=="],

    "@damatjs/orm-pg": ["@damatjs/orm-pg@0.1.1", "", { "dependencies": { "@damatjs/logger": "*", "@damatjs/orm-core": "*", "@damatjs/orm-model": "*", "@damatjs/orm-type": "*", "@damatjs/types": "*" } }, "sha512-izRpCFree8e0ooLK1N5UFQRG0FkbHaUPNk2untwJE502OjyT/u6UN614fWyK0IXl8/1UXHVMGbn/fYk5IuhEww=="],

    "@damatjs/orm-processor": ["@damatjs/orm-processor@0.1.1", "", { "dependencies": { "@damatjs/deps": "*", "@damatjs/orm-model": "*", "@damatjs/orm-type": "*", "@damatjs/types": "*" } }, "sha512-TqXmolhg5jMF+g4mQ4OII7ilWumqeksW83jTMbk7j4AspyYOKnpfwkHAJXTc2DhCp5+84scv5l6xmZ8GvU/G7Q=="],

    "@damatjs/orm-type": ["@damatjs/orm-type@0.1.1", "", { "dependencies": { "@damatjs/deps": "*" } }, "sha512-FKRFiMLuoJivXSUAGePNPTHStJdiSi4GJKNN/Z/SQQeRiO9Cc42GuPy9WyU4m2bUQnxuswuMZrJuOqk4ouJEyg=="],

    "@damatjs/redis": ["@damatjs/redis@0.1.1", "", { "dependencies": { "@damatjs/deps": "*", "@damatjs/logger": "*" } }, "sha512-JclrMv9GuyjLH2Ywm3m8UF6Jr+8G0XmlqI79eIqOE7568pLlpLx3KucfZTqsEIQoqy7icye3e7XNzPx+fk4tdw=="],

    "@damatjs/services": ["@damatjs/services@0.1.3", "", { "dependencies": { "@damatjs/deps": "*", "@damatjs/logger": "*", "@damatjs/orm-connector": "*", "@damatjs/orm-model": "*", "@damatjs/orm-pg": "*", "@damatjs/orm-type": "*", "@damatjs/types": "*" } }, "sha512-WWCoYFe8w3LAy5TTAT/5kp8xpvd2gqgYRz3EHtNKzgLZXyKHEo4FwTftRtvSKjoOtuOe+sSTmvPY98pJiteIhw=="],

    "@damatjs/types": ["@damatjs/types@0.1.1", "", {}, "sha512-R7SkCAvlze0X33uWtA97xZHOu0kTpuo21vOLp+vmwd4TBRkpL/o3dD/c1a8oLFv8/u6xJTxl3e7oVPs/cUGLsQ=="],

    "@damatjs/workflow-engine": ["@damatjs/workflow-engine@0.1.3", "", { "dependencies": { "@damatjs/logger": "*", "@damatjs/redis": "*", "effect": "^3.12.0", "nanoid": "^5.1.6" } }, "sha512-ic3P6QhpfOhgnAkrZmrSVg5nfPCmyFy7hdz1NnHBFxnRkgv1HoHIyhNUK8/D2nYzBCWvIsiBZJnvTGyLqcFJyg=="],

    "@hono/node-server": ["@hono/node-server@1.19.14", "", { "peerDependencies": { "hono": "^4" } }, "sha512-GwtvgtXxnWsucXvbQXkRgqksiH2Qed37H9xHZocE5sA3N8O8O8/8FA3uclQXxXVzc9XBZuEOMK7+r02FmSpHtw=="],

    "@ioredis/commands": ["@ioredis/commands@1.10.0", "", {}, "sha512-UmeW7z4LfctwoQ5wkhVzgq8tXkreED2xZGpX+Bg+zA+WJFZCT6c062AfCK/Dfk81xZnnwdhJCUMkitihRaoC2Q=="],

    "@standard-schema/spec": ["@standard-schema/spec@1.1.0", "", {}, "sha512-l2aFy5jALhniG5HgqrD6jXLi/rUWrKvqN/qJx6yoJsgKhblVd+iqqU4RCXavm/jPityDo5TCvKMnpjKnOriy0w=="],

    "@types/bun": ["@types/bun@1.3.9", "", { "dependencies": { "bun-types": "1.3.9" } }, "sha512-KQ571yULOdWJiMH+RIWIOZ7B2RXQGpL1YQrBtLIV3FqDcCu6FsbFUBwhdKUlCKUpS3PJDsHlJ1QKlpxoVR+xtw=="],

    "@types/node": ["@types/node@25.9.3", "", { "dependencies": { "undici-types": ">=7.24.0 <7.24.7" } }, "sha512-603BddQMv3pUcr4U2dhujk83N2tTDVr/34wII2B6bJy6g+8WD6yUb11jszNs0gdi4PesVWl7ABt8nYMVpnLUcg=="],

    "bun-types": ["bun-types@1.3.9", "", { "dependencies": { "@types/node": "*" } }, "sha512-+UBWWOakIP4Tswh0Bt0QD0alpTY8cb5hvgiYeWCMet9YukHbzuruIEeXC2D7nMJPB12kbh8C7XJykSexEqGKJg=="],

    "cac": ["cac@6.7.14", "", {}, "sha512-b6Ilus+c3RrdDk+JhLKUAQfzzgLEPy6wcXqS7f/xe1EETvsDP6GORG7SFuOs6cID5YkqchW/LXZbX5bc8j7ZcQ=="],

    "cluster-key-slot": ["cluster-key-slot@1.1.1", "", {}, "sha512-rwHwUfXL40Chm1r08yrhU3qpUvdVlgkKNeyeGPOxnW8/SyVDvgRaed/Uz54AqWNaTCAThlj6QAs3TZcKI0xDEw=="],

    "debug": ["debug@4.4.3", "", { "dependencies": { "ms": "^2.1.3" } }, "sha512-RGwwWnwQvkVfavKVt22FGLw+xYSdzARwm0ru6DhTVA3umU5hZc28V3kO4stgYryrTlLpuvgI9GiijltAjNbcqA=="],

    "denque": ["denque@2.1.0", "", {}, "sha512-HVQE3AAb/pxF8fQAoiqpvg9i3evqug3hoiwakOyZAwJm+6vZehbkYXZ0l4JxS+I3QxM97v5aaRNhj8v5oBhekw=="],

    "dotenv": ["dotenv@17.4.2", "", {}, "sha512-nI4U3TottKAcAD9LLud4Cb7b2QztQMUEfHbvhTH09bqXTxnSie8WnjPALV/WMCrJZ6UV/qHJ6L03OqO3LcdYZw=="],

    "effect": ["effect@3.21.3", "", { "dependencies": { "@standard-schema/spec": "^1.0.0", "fast-check": "^3.23.1" } }, "sha512-RqwU7WnJ6CqYhyjpOVJA5vh1Sgkn6eVECO6mnD0EjlbWcC2M3LJaPglXXr13Rdo/Y+B+wTEPzGRYFNL2xKxNeQ=="],

    "fast-check": ["fast-check@3.23.2", "", { "dependencies": { "pure-rand": "^6.1.0" } }, "sha512-h5+1OzzfCC3Ef7VbtKdcv7zsstUQwUDlYpUTvjeUsJAssPgLn7QzbboPtL5ro04Mq0rPOsMzl7q5hIbRs2wD1A=="],

    "hono": ["hono@4.12.25", "", {}, "sha512-2NFaIyNVgJmBs/ecmtGzlmluTFs5cHEWGTdu0t1HBwYzoGXOL5nUQBRMXsXWla5i4KkG//QMzVP88m1+I3fdAQ=="],

    "ioredis": ["ioredis@5.11.1", "", { "dependencies": { "@ioredis/commands": "1.10.0", "cluster-key-slot": "1.1.1", "debug": "4.4.3", "denque": "2.1.0", "redis-errors": "1.2.0", "redis-parser": "3.0.0", "standard-as-callback": "2.1.0" } }, "sha512-ehuGcf94bQXhfagULNXrJdfnWO38v070jxSx/qE87Kjzmu2fU7ro5EFAb+OPituLqgfyuQaym5DlrNydW2sJ9A=="],

    "ms": ["ms@2.1.3", "", {}, "sha512-6FlzubTLZG3J2a/NVCAleEhjzq5oxgHyaCU9yYXvcLsvoVaHJq/s5xXI6/XXP6tz7R9xAOtHnSO/tXtF3WRTlA=="],

    "nanoid": ["nanoid@5.1.11", "", { "bin": { "nanoid": "bin/nanoid.js" } }, "sha512-v+KEsUv2ps74PaSKv0gHTxTCgMXOIfBEbaqa6w6ISIGC7ZsvHN4N9oJ8d4cmf0n5oTzQz2SLmThbQWhjd/8eKg=="],

    "pg": ["pg@8.21.0", "", { "dependencies": { "pg-connection-string": "^2.13.0", "pg-pool": "^3.14.0", "pg-protocol": "^1.14.0", "pg-types": "2.2.0", "pgpass": "1.0.5" }, "optionalDependencies": { "pg-cloudflare": "^1.4.0" }, "peerDependencies": { "pg-native": ">=3.0.1" }, "optionalPeers": ["pg-native"] }, "sha512-AUP1EYJuHraQGsVoCQVIcM7TEJVGtDzxWtGFZd8rds9d+CCXlU5Js1rYgfLNvxy9iJrpHjGrRjoi/3BT9fRyiA=="],

    "pg-cloudflare": ["pg-cloudflare@1.4.0", "", {}, "sha512-Vo7z/6rrQYxpNRylp4Tlob2elzbh+N/MOQbxFVWCxS7oEx6jF53GTJFxK2WWpKuBRkmiin4Mt+xofFDjx09R0A=="],

    "pg-connection-string": ["pg-connection-string@2.13.0", "", {}, "sha512-EMnU9E2fSULdsbErBbMaXJvFeD9B4+nPcM3f+4lsiCR0BHLPrLVjv3DbyM2hgQQviKJaTWIRRTjKjWlHg3p2ig=="],

    "pg-int8": ["pg-int8@1.0.1", "", {}, "sha512-WCtabS6t3c8SkpDBUlb1kjOs7l66xsGdKpIPZsg4wR+B3+u9UAum2odSsF9tnvxg80h4ZxLWMy4pRjOsFIqQpw=="],

    "pg-pool": ["pg-pool@3.14.0", "", { "peerDependencies": { "pg": ">=8.0" } }, "sha512-gKtPkFdQPU3DksooVLi9LsjZxrsBUZIpa+7aVx+LV5pNh0KzP4Zleud2po+ConrxbuXGBJ6Hfer6hdgpIBpBaw=="],

    "pg-protocol": ["pg-protocol@1.14.0", "", {}, "sha512-n5taZ1kO3s9ngDTVxsEznOqCyToTgz0FLuPq0B33COy5pPpuWJpY3/2oRBVETuOgzdqRXfWpM9HIhp2LBBT1BA=="],

    "pg-types": ["pg-types@2.2.0", "", { "dependencies": { "pg-int8": "1.0.1", "postgres-array": "~2.0.0", "postgres-bytea": "~1.0.0", "postgres-date": "~1.0.4", "postgres-interval": "^1.1.0" } }, "sha512-qTAAlrEsl8s4OiEQY69wDvcMIdQN6wdz5ojQiOy6YRMuynxenON0O5oCpJI6lshc6scgAY8qvJ2On/p+CXY0GA=="],

    "pgpass": ["pgpass@1.0.5", "", { "dependencies": { "split2": "^4.1.0" } }, "sha512-FdW9r/jQZhSeohs1Z3sI1yxFQNFvMcnmfuj4WBMUTxOrAyLMaTcE1aAMBiTlbMNaXvBCQuVi0R7hd8udDSP7ug=="],

    "postgres-array": ["postgres-array@2.0.0", "", {}, "sha512-VpZrUqU5A69eQyW2c5CA1jtLecCsN2U/bD6VilrFDWq5+5UIEVO7nazS3TEcHf1zuPYO/sqGvUvW62g86RXZuA=="],

    "postgres-bytea": ["postgres-bytea@1.0.1", "", {}, "sha512-5+5HqXnsZPE65IJZSMkZtURARZelel2oXUEO8rH83VS/hxH5vv1uHquPg5wZs8yMAfdv971IU+kcPUczi7NVBQ=="],

    "postgres-date": ["postgres-date@1.0.7", "", {}, "sha512-suDmjLVQg78nMK2UZ454hAG+OAW+HQPZ6n++TNDUX+L0+uUlLywnoxJKDou51Zm+zTCjrCl0Nq6J9C5hP9vK/Q=="],

    "postgres-interval": ["postgres-interval@1.2.0", "", { "dependencies": { "xtend": "^4.0.0" } }, "sha512-9ZhXKM/rw350N1ovuWHbGxnGh/SNJ4cnxHiM0rxE4VN41wsg8P8zWn9hv/buK00RP4WvlOyr/RBDiptyxVbkZQ=="],

    "pure-rand": ["pure-rand@6.1.0", "", {}, "sha512-bVWawvoZoBYpp6yIoQtQXHZjmz35RSVHnUOTefl8Vcjr8snTPY1wnpSPMWekcFwbxI6gtmT7rSYPFvz71ldiOA=="],

    "redis-errors": ["redis-errors@1.2.0", "", {}, "sha512-1qny3OExCf0UvUV/5wpYKf2YwPcOqXzkwKKSmKHiE6ZMQs5heeE/c8eXK+PNllPvmjgAbfnsbpkGZWy8cBpn9w=="],

    "redis-parser": ["redis-parser@3.0.0", "", { "dependencies": { "redis-errors": "^1.0.0" } }, "sha512-DJnGAeenTdpMEH6uAJRK/uiyEIH9WVsUmoLwzudwGJUwZPp80PDBWPHXSAGNPwNvIXAbe7MSUB1zQFugFml66A=="],

    "split2": ["split2@4.2.0", "", {}, "sha512-UcjcJOWknrNkF6PLX83qcHM6KHgVKNkV62Y8a5uYDVv9ydGQVwAHMKqHdJje1VTWpljG0WYpCDhrCdAOYH4TWg=="],

    "standard-as-callback": ["standard-as-callback@2.1.0", "", {}, "sha512-qoRRSyROncaz1z0mvYqIE4lCd9p2R90i6GxW3uZv5ucSu8tU7B5HXUP1gG8pVZsYNVaXjk8ClXHPttLyxAL48A=="],

    "typescript": ["typescript@5.9.3", "", { "bin": { "tsc": "bin/tsc", "tsserver": "bin/tsserver" } }, "sha512-jl1vZzPDinLr9eUt3J/t7V6FgNEw9QjvBPdysz9KfQDD41fQrC2Y4vKQdiaUpFT4bXlb1RHhLpp8wtm6M5TgSw=="],

    "undici-types": ["undici-types@7.24.6", "", {}, "sha512-WRNW+sJgj5OBN4/0JpHFqtqzhpbnV0GuB+OozA9gCL7a993SmU+1JBZCzLNxYsbMfIeDL+lTsphD5jN5N+n0zg=="],

    "uuid": ["uuid@13.0.2", "", { "bin": { "uuid": "dist-node/bin/uuid" } }, "sha512-vzi9uRZ926x4XV73S/4qQaTwPXM2JBj6/6lI/byHH1jOpCzb0zDbfytgA9LcN/hzb2l7WQSQnxITOVx5un/wGw=="],

    "xtend": ["xtend@4.0.2", "", {}, "sha512-LKYU1iAXJXUgAXn9URjiu+MWhyUXHsvfp7mcuYm9dSUKK0/CjtrUwFAxD82/mCWbtLsGjFIad0wIsod4zrTAEQ=="],

    "zod": ["zod@4.3.6", "", {}, "sha512-rftlrkhHZOcjDwkGlnUtZZkvaPHCsDATp4pGpuOOMDaTdDDXF91wuVDJoWoPsKX/3YPQ5fHuF3STjcYyKr+Qhg=="],

    "@damatjs/orm-codegen/@damatjs/orm-model": ["@damatjs/orm-model@0.1.1", "", { "dependencies": { "@damatjs/deps": "*", "@damatjs/orm-type": "*" } }, "sha512-Kkkw4dGrkJKQdcQDtGHLHCaZFDmlfUOI9r5zpvznNN63a6PK1cPEBfHcS1i2M3hPedgWpdY+ysGKKp4KGsG9SQ=="],

    "@damatjs/orm-connector/@damatjs/deps": ["@damatjs/deps@0.1.1", "", { "dependencies": { "@hono/node-server": "^1.13.7", "effect": "^3.19.18", "hono": "^4.12.0", "ioredis": "^5.9.3", "nanoid": "^5.1.6", "pg": "^8.21.0", "uuid": "^13.0.0", "zod": "4.3.6" } }, "sha512-EN442760K+KQSGl6sv2/FEGDh2jXM/kqTDG3S0B7nDraKhz8iCbNcqhULQ2YV69xNKNuZ+sCj0K/Qz8cgG9r+Q=="],

    "@damatjs/orm-core/@damatjs/orm-model": ["@damatjs/orm-model@0.1.1", "", { "dependencies": { "@damatjs/deps": "*", "@damatjs/orm-type": "*" } }, "sha512-Kkkw4dGrkJKQdcQDtGHLHCaZFDmlfUOI9r5zpvznNN63a6PK1cPEBfHcS1i2M3hPedgWpdY+ysGKKp4KGsG9SQ=="],

    "@damatjs/orm-migration/@damatjs/deps": ["@damatjs/deps@0.1.1", "", { "dependencies": { "@hono/node-server": "^1.13.7", "effect": "^3.19.18", "hono": "^4.12.0", "ioredis": "^5.9.3", "nanoid": "^5.1.6", "pg": "^8.21.0", "uuid": "^13.0.0", "zod": "4.3.6" } }, "sha512-EN442760K+KQSGl6sv2/FEGDh2jXM/kqTDG3S0B7nDraKhz8iCbNcqhULQ2YV69xNKNuZ+sCj0K/Qz8cgG9r+Q=="],

    "@damatjs/orm-migration/@damatjs/orm-model": ["@damatjs/orm-model@0.1.1", "", { "dependencies": { "@damatjs/deps": "*", "@damatjs/orm-type": "*" } }, "sha512-Kkkw4dGrkJKQdcQDtGHLHCaZFDmlfUOI9r5zpvznNN63a6PK1cPEBfHcS1i2M3hPedgWpdY+ysGKKp4KGsG9SQ=="],

    "@damatjs/orm-pg/@damatjs/orm-model": ["@damatjs/orm-model@0.1.1", "", { "dependencies": { "@damatjs/deps": "*", "@damatjs/orm-type": "*" } }, "sha512-Kkkw4dGrkJKQdcQDtGHLHCaZFDmlfUOI9r5zpvznNN63a6PK1cPEBfHcS1i2M3hPedgWpdY+ysGKKp4KGsG9SQ=="],

    "@damatjs/orm-processor/@damatjs/deps": ["@damatjs/deps@0.1.1", "", { "dependencies": { "@hono/node-server": "^1.13.7", "effect": "^3.19.18", "hono": "^4.12.0", "ioredis": "^5.9.3", "nanoid": "^5.1.6", "pg": "^8.21.0", "uuid": "^13.0.0", "zod": "4.3.6" } }, "sha512-EN442760K+KQSGl6sv2/FEGDh2jXM/kqTDG3S0B7nDraKhz8iCbNcqhULQ2YV69xNKNuZ+sCj0K/Qz8cgG9r+Q=="],

    "@damatjs/orm-processor/@damatjs/orm-model": ["@damatjs/orm-model@0.1.1", "", { "dependencies": { "@damatjs/deps": "*", "@damatjs/orm-type": "*" } }, "sha512-Kkkw4dGrkJKQdcQDtGHLHCaZFDmlfUOI9r5zpvznNN63a6PK1cPEBfHcS1i2M3hPedgWpdY+ysGKKp4KGsG9SQ=="],

    "@damatjs/orm-type/@damatjs/deps": ["@damatjs/deps@0.1.1", "", { "dependencies": { "@hono/node-server": "^1.13.7", "effect": "^3.19.18", "hono": "^4.12.0", "ioredis": "^5.9.3", "nanoid": "^5.1.6", "pg": "^8.21.0", "uuid": "^13.0.0", "zod": "4.3.6" } }, "sha512-EN442760K+KQSGl6sv2/FEGDh2jXM/kqTDG3S0B7nDraKhz8iCbNcqhULQ2YV69xNKNuZ+sCj0K/Qz8cgG9r+Q=="],

    "@damatjs/redis/@damatjs/deps": ["@damatjs/deps@0.1.1", "", { "dependencies": { "@hono/node-server": "^1.13.7", "effect": "^3.19.18", "hono": "^4.12.0", "ioredis": "^5.9.3", "nanoid": "^5.1.6", "pg": "^8.21.0", "uuid": "^13.0.0", "zod": "4.3.6" } }, "sha512-EN442760K+KQSGl6sv2/FEGDh2jXM/kqTDG3S0B7nDraKhz8iCbNcqhULQ2YV69xNKNuZ+sCj0K/Qz8cgG9r+Q=="],

    "@damatjs/orm-codegen/@damatjs/orm-model/@damatjs/deps": ["@damatjs/deps@0.1.1", "", { "dependencies": { "@hono/node-server": "^1.13.7", "effect": "^3.19.18", "hono": "^4.12.0", "ioredis": "^5.9.3", "nanoid": "^5.1.6", "pg": "^8.21.0", "uuid": "^13.0.0", "zod": "4.3.6" } }, "sha512-EN442760K+KQSGl6sv2/FEGDh2jXM/kqTDG3S0B7nDraKhz8iCbNcqhULQ2YV69xNKNuZ+sCj0K/Qz8cgG9r+Q=="],

    "@damatjs/orm-core/@damatjs/orm-model/@damatjs/deps": ["@damatjs/deps@0.1.1", "", { "dependencies": { "@hono/node-server": "^1.13.7", "effect": "^3.19.18", "hono": "^4.12.0", "ioredis": "^5.9.3", "nanoid": "^5.1.6", "pg": "^8.21.0", "uuid": "^13.0.0", "zod": "4.3.6" } }, "sha512-EN442760K+KQSGl6sv2/FEGDh2jXM/kqTDG3S0B7nDraKhz8iCbNcqhULQ2YV69xNKNuZ+sCj0K/Qz8cgG9r+Q=="],

    "@damatjs/orm-pg/@damatjs/orm-model/@damatjs/deps": ["@damatjs/deps@0.1.1", "", { "dependencies": { "@hono/node-server": "^1.13.7", "effect": "^3.19.18", "hono": "^4.12.0", "ioredis": "^5.9.3", "nanoid": "^5.1.6", "pg": "^8.21.0", "uuid": "^13.0.0", "zod": "4.3.6" } }, "sha512-EN442760K+KQSGl6sv2/FEGDh2jXM/kqTDG3S0B7nDraKhz8iCbNcqhULQ2YV69xNKNuZ+sCj0K/Qz8cgG9r+Q=="],
  }
}
